# This file was autogenerated by uv via the following command:
#    uv pip compile pyproject.toml -o requirements.lock
greenlet==3.1.1
    # via
    #   my-uv-project (pyproject.toml)
    #   sqlalchemy
mysql-connector-python==8.3.0
    # via my-uv-project (pyproject.toml)
numpy==1.26.4
    # via
    #   my-uv-project (pyproject.toml)
    #   pandas
    #   shapely
pandas==2.1.0
    # via my-uv-project (pyproject.toml)
pika==1.3.2
    # via my-uv-project (pyproject.toml)
python-dateutil==2.9.0.post0
    # via
    #   my-uv-project (pyproject.toml)
    #   pandas
python-dotenv==1.0.1
    # via my-uv-project (pyproject.toml)
pytz==2024.2
    # via
    #   my-uv-project (pyproject.toml)
    #   pandas
shapely==2.0.6
    # via my-uv-project (pyproject.toml)
six==1.16.0
    # via
    #   my-uv-project (pyproject.toml)
    #   python-dateutil
sqlalchemy==2.0.27
    # via my-uv-project (pyproject.toml)
typing-extensions==4.12.2
    # via
    #   my-uv-project (pyproject.toml)
    #   sqlalchemy
tzdata==2024.2
    # via
    #   my-uv-project (pyproject.toml)
    #   pandas
unidecode==1.3.6
    # via my-uv-project (pyproject.toml)
